
Microsoft Visual Studio Solution File, Format Version 12.00
# Visual Studio 15
VisualStudioVersion = 15.0.27428.2043
MinimumVisualStudioVersion = 10.0.40219.1
Project("{FAE04EC0-301F-11D3-BF4B-00C04F79EFBC}") = "SuperAdventure", "SuperAdventure.csproj", "{042312D4-E7F9-45CA-BBA7-0A7752E386E5}"
EndProject
Project("{FAE04EC0-301F-11D3-BF4B-00C04F79EFBC}") = "Engine", "..\Engine\Engine.csproj", "{9AC071A0-BD3F-4845-A94F-7C63C6020EC7}"
EndProject
Global
	GlobalSection(SolutionConfigurationPlatforms) = preSolution
		Debug|Any CPU = Debug|Any CPU
		Release|Any CPU = Release|Any CPU
	EndGlobalSection
	GlobalSection(ProjectConfigurationPlatforms) = postSolution
		{042312D4-E7F9-45CA-BBA7-0A7752E386E5}.Debug|Any CPU.ActiveCfg = Debug|Any CPU
		{042312D4-E7F9-45CA-BBA7-0A7752E386E5}.Debug|Any CPU.Build.0 = Debug|Any CPU
		{042312D4-E7F9-45CA-BBA7-0A7752E386E5}.Release|Any CPU.ActiveCfg = Release|Any CPU
		{042312D4-E7F9-45CA-BBA7-0A7752E386E5}.Release|Any CPU.Build.0 = Release|Any CPU
		{9AC071A0-BD3F-4845-A94F-7C63C6020EC7}.Debug|Any CPU.ActiveCfg = Debug|Any CPU
		{9AC071A0-BD3F-4845-A94F-7C63C6020EC7}.Debug|Any CPU.Build.0 = Debug|Any CPU
		{9AC071A0-BD3F-4845-A94F-7C63C6020EC7}.Release|Any CPU.ActiveCfg = Release|Any CPU
		{9AC071A0-BD3F-4845-A94F-7C63C6020EC7}.Release|Any CPU.Build.0 = Release|Any CPU
	EndGlobalSection
	GlobalSection(SolutionProperties) = preSolution
		HideSolutionNode = FALSE
	EndGlobalSection
	GlobalSection(ExtensibilityGlobals) = postSolution
		SolutionGuid = {87D5CE9F-B883-4104-8B83-A9F03630C63C}
	EndGlobalSection
EndGlobal
